# THIS IS AN AUTOGENERATED FILE. DO NOT EDIT THIS FILE DIRECTLY.
# yarn lockfile v1


"@nomicfoundation/hardhat-toolbox@^5.0.0":
  version "5.0.0"
  resolved "https://registry.yarnpkg.com/@nomicfoundation/hardhat-toolbox/-/hardhat-toolbox-5.0.0.tgz#165b47f8a3d2bf668cc5d453ce7f496a1156948d"
  integrity sha512-FnUtUC5PsakCbwiVNsqlXVIWG5JIb5CEZoSXbJUsEBun22Bivx2jhF1/q9iQbzuaGpJKFQyOhemPB2+XlEE6pQ==
